
Microsoft Visual Studio Solution File, Format Version 12.00
# Visual Studio 15
VisualStudioVersion = 15.0.27130.2027
MinimumVisualStudioVersion = 10.0.40219.1
Project("{FAE04EC0-301F-11D3-BF4B-00C04F79EFBC}") = "LoginServer", "src\LoginServer\LoginServer.csproj", "{AF6460D6-3A59-40A2-BD53-1DF038CEF2C5}"
	ProjectSection(ProjectDependencies) = postProject
		{C2E02244-B7EC-468E-A15C-343167B6143A} = {C2E02244-B7EC-468E-A15C-343167B6143A}
	EndProjectSection
EndProject
Project("{FAE04EC0-301F-11D3-BF4B-00C04F79EFBC}") = "GameServer", "src\GameServer\GameServer.csproj", "{E4BBC7F5-F950-4233-B700-B7879D478D2B}"
	ProjectSection(ProjectDependencies) = postProject
		{C2E02244-B7EC-468E-A15C-343167B6143A} = {C2E02244-B7EC-468E-A15C-343167B6143A}
	EndProjectSection
EndProject
Project("{FAE04EC0-301F-11D3-BF4B-00C04F79EFBC}") = "Shared", "src\Shared\Shared.csproj", "{C2E02244-B7EC-468E-A15C-343167B6143A}"
EndProject
Global
	GlobalSection(SolutionConfigurationPlatforms) = preSolution
		Debug|Any CPU = Debug|Any CPU
		Release|Any CPU = Release|Any CPU
	EndGlobalSection
	GlobalSection(ProjectConfigurationPlatforms) = postSolution
		{AF6460D6-3A59-40A2-BD53-1DF038CEF2C5}.Debug|Any CPU.ActiveCfg = Debug|Any CPU
		{AF6460D6-3A59-40A2-BD53-1DF038CEF2C5}.Debug|Any CPU.Build.0 = Debug|Any CPU
		{AF6460D6-3A59-40A2-BD53-1DF038CEF2C5}.Release|Any CPU.ActiveCfg = Release|Any CPU
		{AF6460D6-3A59-40A2-BD53-1DF038CEF2C5}.Release|Any CPU.Build.0 = Release|Any CPU
		{E4BBC7F5-F950-4233-B700-B7879D478D2B}.Debug|Any CPU.ActiveCfg = Debug|Any CPU
		{E4BBC7F5-F950-4233-B700-B7879D478D2B}.Debug|Any CPU.Build.0 = Debug|Any CPU
		{E4BBC7F5-F950-4233-B700-B7879D478D2B}.Release|Any CPU.ActiveCfg = Release|Any CPU
		{E4BBC7F5-F950-4233-B700-B7879D478D2B}.Release|Any CPU.Build.0 = Release|Any CPU
		{C2E02244-B7EC-468E-A15C-343167B6143A}.Debug|Any CPU.ActiveCfg = Debug|Any CPU
		{C2E02244-B7EC-468E-A15C-343167B6143A}.Debug|Any CPU.Build.0 = Debug|Any CPU
		{C2E02244-B7EC-468E-A15C-343167B6143A}.Release|Any CPU.ActiveCfg = Release|Any CPU
		{C2E02244-B7EC-468E-A15C-343167B6143A}.Release|Any CPU.Build.0 = Release|Any CPU
	EndGlobalSection
	GlobalSection(SolutionProperties) = preSolution
		HideSolutionNode = FALSE
	EndGlobalSection
	GlobalSection(ExtensibilityGlobals) = postSolution
		SolutionGuid = {8E85A872-904E-4A59-8BFC-392EE89545B5}
	EndGlobalSection
EndGlobal
